
Microsoft Visual Studio Solution File, Format Version 12.00
# Visual Studio 15
VisualStudioVersion = 15.0.27705.2000
MinimumVisualStudioVersion = 10.0.40219.1
Project("{2150E333-8FDC-42A3-9474-1A3956D46DE8}") = "Client", "Client", "{F16E82DC-EFA8-4BD1-8932-F5BA89B0A5E7}"
EndProject
Project("{2150E333-8FDC-42A3-9474-1A3956D46DE8}") = "Common", "Common", "{8632FB4E-D4C3-4A6D-AEAA-E7D0FAEC1D7A}"
EndProject
Project("{2150E333-8FDC-42A3-9474-1A3956D46DE8}") = "Server", "Server", "{B1940E2E-31BD-4508-8B1E-5265E1EA8782}"
EndProject
Project("{FAE04EC0-301F-11D3-BF4B-00C04F79EFBC}") = "MobileDataKit_Collect.App.Android", "MobileDataKit_Collect.App\MobileDataKit_Collect.App.Android\MobileDataKit_Collect.App.Android.csproj", "{879850CA-697B-4637-BAAA-1F7E825C5F68}"
EndProject
Project("{FAE04EC0-301F-11D3-BF4B-00C04F79EFBC}") = "MobileDataKit_Collect.App.iOS", "MobileDataKit_Collect.App\MobileDataKit_Collect.App.iOS\MobileDataKit_Collect.App.iOS.csproj", "{A44CC4C3-8B87-4B73-BB93-72576B996F7A}"
EndProject
Project("{FAE04EC0-301F-11D3-BF4B-00C04F79EFBC}") = "MobileDataKit_Collect.App.UWP", "MobileDataKit_Collect.App\MobileDataKit_Collect.App.UWP\MobileDataKit_Collect.App.UWP.csproj", "{EE40D4F0-4CE9-47F3-BB77-0748F81CA59C}"
EndProject
Project("{D954291E-2A0B-460D-934E-DC6B0785DB48}") = "MobileDataKit_Collect.App", "MobileDataKit_Collect.App\MobileDataKit_Collect.App\MobileDataKit_Collect.App.shproj", "{C49F7B13-8950-4F9C-BEBF-F3A0B832DCD9}"
EndProject
Project("{FAE04EC0-301F-11D3-BF4B-00C04F79EFBC}") = "MobileDataKit_Collect.Server", "MobileDataKit_Collect.Server\MobileDataKit_Collect.Server.csproj", "{94A0DACF-53E3-461F-A2A3-161C20BCC0C6}"
EndProject
Project("{FAE04EC0-301F-11D3-BF4B-00C04F79EFBC}") = "MobileDataKit_Collect.Common", "MobileDataKit_Collect.Common\MobileDataKit_Collect.Common.csproj", "{84AD7787-4C69-4A7D-9FE2-FA4EE2F119D8}"
EndProject
Global
	GlobalSection(SharedMSBuildProjectFiles) = preSolution
		MobileDataKit_Collect.App\MobileDataKit_Collect.App\MobileDataKit_Collect.App.projitems*{879850ca-697b-4637-baaa-1f7e825c5f68}*SharedItemsImports = 4
		MobileDataKit_Collect.App\MobileDataKit_Collect.App\MobileDataKit_Collect.App.projitems*{a44cc4c3-8b87-4b73-bb93-72576b996f7a}*SharedItemsImports = 4
		MobileDataKit_Collect.App\MobileDataKit_Collect.App\MobileDataKit_Collect.App.projitems*{c49f7b13-8950-4f9c-bebf-f3a0b832dcd9}*SharedItemsImports = 13
		MobileDataKit_Collect.App\MobileDataKit_Collect.App\MobileDataKit_Collect.App.projitems*{ee40d4f0-4ce9-47f3-bb77-0748f81ca59c}*SharedItemsImports = 4
	EndGlobalSection
	GlobalSection(SolutionConfigurationPlatforms) = preSolution
		Ad-Hoc|Any CPU = Ad-Hoc|Any CPU
		Ad-Hoc|ARM = Ad-Hoc|ARM
		Ad-Hoc|iPhone = Ad-Hoc|iPhone
		Ad-Hoc|iPhoneSimulator = Ad-Hoc|iPhoneSimulator
		Ad-Hoc|x64 = Ad-Hoc|x64
		Ad-Hoc|x86 = Ad-Hoc|x86
		AppStore|Any CPU = AppStore|Any CPU
		AppStore|ARM = AppStore|ARM
		AppStore|iPhone = AppStore|iPhone
		AppStore|iPhoneSimulator = AppStore|iPhoneSimulator
		AppStore|x64 = AppStore|x64
		AppStore|x86 = AppStore|x86
		Debug|Any CPU = Debug|Any CPU
		Debug|ARM = Debug|ARM
		Debug|iPhone = Debug|iPhone
		Debug|iPhoneSimulator = Debug|iPhoneSimulator
		Debug|x64 = Debug|x64
		Debug|x86 = Debug|x86
		Release|Any CPU = Release|Any CPU
		Release|ARM = Release|ARM
		Release|iPhone = Release|iPhone
		Release|iPhoneSimulator = Release|iPhoneSimulator
		Release|x64 = Release|x64
		Release|x86 = Release|x86
	EndGlobalSection
	GlobalSection(ProjectConfigurationPlatforms) = postSolution
		{879850CA-697B-4637-BAAA-1F7E825C5F68}.Ad-Hoc|Any CPU.ActiveCfg = Release|Any CPU
		{879850CA-697B-4637-BAAA-1F7E825C5F68}.Ad-Hoc|Any CPU.Build.0 = Release|Any CPU
		{879850CA-697B-4637-BAAA-1F7E825C5F68}.Ad-Hoc|Any CPU.Deploy.0 = Release|Any CPU
		{879850CA-697B-4637-BAAA-1F7E825C5F68}.Ad-Hoc|ARM.ActiveCfg = Release|Any CPU
		{879850CA-697B-4637-BAAA-1F7E825C5F68}.Ad-Hoc|ARM.Build.0 = Release|Any CPU
		{879850CA-697B-4637-BAAA-1F7E825C5F68}.Ad-Hoc|ARM.Deploy.0 = Release|Any CPU
		{879850CA-697B-4637-BAAA-1F7E825C5F68}.Ad-Hoc|iPhone.ActiveCfg = Release|Any CPU
		{879850CA-697B-4637-BAAA-1F7E825C5F68}.Ad-Hoc|iPhone.Build.0 = Release|Any CPU
		{879850CA-697B-4637-BAAA-1F7E825C5F68}.Ad-Hoc|iPhone.Deploy.0 = Release|Any CPU
		{879850CA-697B-4637-BAAA-1F7E825C5F68}.Ad-Hoc|iPhoneSimulator.ActiveCfg = Release|Any CPU
		{879850CA-697B-4637-BAAA-1F7E825C5F68}.Ad-Hoc|iPhoneSimulator.Build.0 = Release|Any CPU
		{879850CA-697B-4637-BAAA-1F7E825C5F68}.Ad-Hoc|iPhoneSimulator.Deploy.0 = Release|Any CPU
		{879850CA-697B-4637-BAAA-1F7E825C5F68}.Ad-Hoc|x64.ActiveCfg = Release|Any CPU
		{879850CA-697B-4637-BAAA-1F7E825C5F68}.Ad-Hoc|x64.Build.0 = Release|Any CPU
		{879850CA-697B-4637-BAAA-1F7E825C5F68}.Ad-Hoc|x64.Deploy.0 = Release|Any CPU
		{879850CA-697B-4637-BAAA-1F7E825C5F68}.Ad-Hoc|x86.ActiveCfg = Release|Any CPU
		{879850CA-697B-4637-BAAA-1F7E825C5F68}.Ad-Hoc|x86.Build.0 = Release|Any CPU
		{879850CA-697B-4637-BAAA-1F7E825C5F68}.Ad-Hoc|x86.Deploy.0 = Release|Any CPU
		{879850CA-697B-4637-BAAA-1F7E825C5F68}.AppStore|Any CPU.ActiveCfg = Release|Any CPU
		{879850CA-697B-4637-BAAA-1F7E825C5F68}.AppStore|Any CPU.Build.0 = Release|Any CPU
		{879850CA-697B-4637-BAAA-1F7E825C5F68}.AppStore|Any CPU.Deploy.0 = Release|Any CPU
		{879850CA-697B-4637-BAAA-1F7E825C5F68}.AppStore|ARM.ActiveCfg = Release|Any CPU
		{879850CA-697B-4637-BAAA-1F7E825C5F68}.AppStore|ARM.Build.0 = Release|Any CPU
		{879850CA-697B-4637-BAAA-1F7E825C5F68}.AppStore|ARM.Deploy.0 = Release|Any CPU
		{879850CA-697B-4637-BAAA-1F7E825C5F68}.AppStore|iPhone.ActiveCfg = Release|Any CPU
		{879850CA-697B-4637-BAAA-1F7E825C5F68}.AppStore|iPhone.Build.0 = Release|Any CPU
		{879850CA-697B-4637-BAAA-1F7E825C5F68}.AppStore|iPhone.Deploy.0 = Release|Any CPU
		{879850CA-697B-4637-BAAA-1F7E825C5F68}.AppStore|iPhoneSimulator.ActiveCfg = Release|Any CPU
		{879850CA-697B-4637-BAAA-1F7E825C5F68}.AppStore|iPhoneSimulator.Build.0 = Release|Any CPU
		{879850CA-697B-4637-BAAA-1F7E825C5F68}.AppStore|iPhoneSimulator.Deploy.0 = Release|Any CPU
		{879850CA-697B-4637-BAAA-1F7E825C5F68}.AppStore|x64.ActiveCfg = Release|Any CPU
		{879850CA-697B-4637-BAAA-1F7E825C5F68}.AppStore|x64.Build.0 = Release|Any CPU
		{879850CA-697B-4637-BAAA-1F7E825C5F68}.AppStore|x64.Deploy.0 = Release|Any CPU
		{879850CA-697B-4637-BAAA-1F7E825C5F68}.AppStore|x86.ActiveCfg = Release|Any CPU
		{879850CA-697B-4637-BAAA-1F7E825C5F68}.AppStore|x86.Build.0 = Release|Any CPU
		{879850CA-697B-4637-BAAA-1F7E825C5F68}.AppStore|x86.Deploy.0 = Release|Any CPU
		{879850CA-697B-4637-BAAA-1F7E825C5F68}.Debug|Any CPU.ActiveCfg = Debug|Any CPU
		{879850CA-697B-4637-BAAA-1F7E825C5F68}.Debug|Any CPU.Build.0 = Debug|Any CPU
		{879850CA-697B-4637-BAAA-1F7E825C5F68}.Debug|Any CPU.Deploy.0 = Debug|Any CPU
		{879850CA-697B-4637-BAAA-1F7E825C5F68}.Debug|ARM.ActiveCfg = Debug|Any CPU
		{879850CA-697B-4637-BAAA-1F7E825C5F68}.Debug|ARM.Build.0 = Debug|Any CPU
		{879850CA-697B-4637-BAAA-1F7E825C5F68}.Debug|ARM.Deploy.0 = Debug|Any CPU
		{879850CA-697B-4637-BAAA-1F7E825C5F68}.Debug|iPhone.ActiveCfg = Debug|Any CPU
		{879850CA-697B-4637-BAAA-1F7E825C5F68}.Debug|iPhone.Build.0 = Debug|Any CPU
		{879850CA-697B-4637-BAAA-1F7E825C5F68}.Debug|iPhone.Deploy.0 = Debug|Any CPU
		{879850CA-697B-4637-BAAA-1F7E825C5F68}.Debug|iPhoneSimulator.ActiveCfg = Debug|Any CPU
		{879850CA-697B-4637-BAAA-1F7E825C5F68}.Debug|iPhoneSimulator.Build.0 = Debug|Any CPU
		{879850CA-697B-4637-BAAA-1F7E825C5F68}.Debug|iPhoneSimulator.Deploy.0 = Debug|Any CPU
		{879850CA-697B-4637-BAAA-1F7E825C5F68}.Debug|x64.ActiveCfg = Debug|Any CPU
		{879850CA-697B-4637-BAAA-1F7E825C5F68}.Debug|x64.Build.0 = Debug|Any CPU
		{879850CA-697B-4637-BAAA-1F7E825C5F68}.Debug|x64.Deploy.0 = Debug|Any CPU
		{879850CA-697B-4637-BAAA-1F7E825C5F68}.Debug|x86.ActiveCfg = Debug|Any CPU
		{879850CA-697B-4637-BAAA-1F7E825C5F68}.Debug|x86.Build.0 = Debug|Any CPU
		{879850CA-697B-4637-BAAA-1F7E825C5F68}.Debug|x86.Deploy.0 = Debug|Any CPU
		{879850CA-697B-4637-BAAA-1F7E825C5F68}.Release|Any CPU.ActiveCfg = Release|Any CPU
		{879850CA-697B-4637-BAAA-1F7E825C5F68}.Release|Any CPU.Build.0 = Release|Any CPU
		{879850CA-697B-4637-BAAA-1F7E825C5F68}.Release|Any CPU.Deploy.0 = Release|Any CPU
		{879850CA-697B-4637-BAAA-1F7E825C5F68}.Release|ARM.ActiveCfg = Release|Any CPU
		{879850CA-697B-4637-BAAA-1F7E825C5F68}.Release|ARM.Build.0 = Release|Any CPU
		{879850CA-697B-4637-BAAA-1F7E825C5F68}.Release|ARM.Deploy.0 = Release|Any CPU
		{879850CA-697B-4637-BAAA-1F7E825C5F68}.Release|iPhone.ActiveCfg = Release|Any CPU
		{879850CA-697B-4637-BAAA-1F7E825C5F68}.Release|iPhone.Build.0 = Release|Any CPU
		{879850CA-697B-4637-BAAA-1F7E825C5F68}.Release|iPhone.Deploy.0 = Release|Any CPU
		{879850CA-697B-4637-BAAA-1F7E825C5F68}.Release|iPhoneSimulator.ActiveCfg = Release|Any CPU
		{879850CA-697B-4637-BAAA-1F7E825C5F68}.Release|iPhoneSimulator.Build.0 = Release|Any CPU
		{879850CA-697B-4637-BAAA-1F7E825C5F68}.Release|iPhoneSimulator.Deploy.0 = Release|Any CPU
		{879850CA-697B-4637-BAAA-1F7E825C5F68}.Release|x64.ActiveCfg = Release|Any CPU
		{879850CA-697B-4637-BAAA-1F7E825C5F68}.Release|x64.Build.0 = Release|Any CPU
		{879850CA-697B-4637-BAAA-1F7E825C5F68}.Release|x64.Deploy.0 = Release|Any CPU
		{879850CA-697B-4637-BAAA-1F7E825C5F68}.Release|x86.ActiveCfg = Release|Any CPU
		{879850CA-697B-4637-BAAA-1F7E825C5F68}.Release|x86.Build.0 = Release|Any CPU
		{879850CA-697B-4637-BAAA-1F7E825C5F68}.Release|x86.Deploy.0 = Release|Any CPU
		{A44CC4C3-8B87-4B73-BB93-72576B996F7A}.Ad-Hoc|Any CPU.ActiveCfg = Ad-Hoc|iPhone
		{A44CC4C3-8B87-4B73-BB93-72576B996F7A}.Ad-Hoc|ARM.ActiveCfg = Ad-Hoc|iPhone
		{A44CC4C3-8B87-4B73-BB93-72576B996F7A}.Ad-Hoc|iPhone.ActiveCfg = Ad-Hoc|iPhone
		{A44CC4C3-8B87-4B73-BB93-72576B996F7A}.Ad-Hoc|iPhone.Build.0 = Ad-Hoc|iPhone
		{A44CC4C3-8B87-4B73-BB93-72576B996F7A}.Ad-Hoc|iPhoneSimulator.ActiveCfg = Ad-Hoc|iPhoneSimulator
		{A44CC4C3-8B87-4B73-BB93-72576B996F7A}.Ad-Hoc|iPhoneSimulator.Build.0 = Ad-Hoc|iPhoneSimulator
		{A44CC4C3-8B87-4B73-BB93-72576B996F7A}.Ad-Hoc|x64.ActiveCfg = Ad-Hoc|iPhone
		{A44CC4C3-8B87-4B73-BB93-72576B996F7A}.Ad-Hoc|x86.ActiveCfg = Ad-Hoc|iPhone
		{A44CC4C3-8B87-4B73-BB93-72576B996F7A}.AppStore|Any CPU.ActiveCfg = AppStore|iPhone
		{A44CC4C3-8B87-4B73-BB93-72576B996F7A}.AppStore|ARM.ActiveCfg = AppStore|iPhone
		{A44CC4C3-8B87-4B73-BB93-72576B996F7A}.AppStore|iPhone.ActiveCfg = AppStore|iPhone
		{A44CC4C3-8B87-4B73-BB93-72576B996F7A}.AppStore|iPhone.Build.0 = AppStore|iPhone
		{A44CC4C3-8B87-4B73-BB93-72576B996F7A}.AppStore|iPhoneSimulator.ActiveCfg = AppStore|iPhoneSimulator
		{A44CC4C3-8B87-4B73-BB93-72576B996F7A}.AppStore|iPhoneSimulator.Build.0 = AppStore|iPhoneSimulator
		{A44CC4C3-8B87-4B73-BB93-72576B996F7A}.AppStore|x64.ActiveCfg = AppStore|iPhone
		{A44CC4C3-8B87-4B73-BB93-72576B996F7A}.AppStore|x86.ActiveCfg = AppStore|iPhone
		{A44CC4C3-8B87-4B73-BB93-72576B996F7A}.Debug|Any CPU.ActiveCfg = Debug|iPhone
		{A44CC4C3-8B87-4B73-BB93-72576B996F7A}.Debug|ARM.ActiveCfg = Debug|iPhone
		{A44CC4C3-8B87-4B73-BB93-72576B996F7A}.Debug|iPhone.ActiveCfg = Debug|iPhone
		{A44CC4C3-8B87-4B73-BB93-72576B996F7A}.Debug|iPhone.Build.0 = Debug|iPhone
		{A44CC4C3-8B87-4B73-BB93-72576B996F7A}.Debug|iPhoneSimulator.ActiveCfg = Debug|iPhoneSimulator
		{A44CC4C3-8B87-4B73-BB93-72576B996F7A}.Debug|iPhoneSimulator.Build.0 = Debug|iPhoneSimulator
		{A44CC4C3-8B87-4B73-BB93-72576B996F7A}.Debug|x64.ActiveCfg = Debug|iPhone
		{A44CC4C3-8B87-4B73-BB93-72576B996F7A}.Debug|x86.ActiveCfg = Debug|iPhone
		{A44CC4C3-8B87-4B73-BB93-72576B996F7A}.Release|Any CPU.ActiveCfg = Release|iPhone
		{A44CC4C3-8B87-4B73-BB93-72576B996F7A}.Release|ARM.ActiveCfg = Release|iPhone
		{A44CC4C3-8B87-4B73-BB93-72576B996F7A}.Release|iPhone.ActiveCfg = Release|iPhone
		{A44CC4C3-8B87-4B73-BB93-72576B996F7A}.Release|iPhone.Build.0 = Release|iPhone
		{A44CC4C3-8B87-4B73-BB93-72576B996F7A}.Release|iPhoneSimulator.ActiveCfg = Release|iPhoneSimulator
		{A44CC4C3-8B87-4B73-BB93-72576B996F7A}.Release|iPhoneSimulator.Build.0 = Release|iPhoneSimulator
		{A44CC4C3-8B87-4B73-BB93-72576B996F7A}.Release|x64.ActiveCfg = Release|iPhone
		{A44CC4C3-8B87-4B73-BB93-72576B996F7A}.Release|x86.ActiveCfg = Release|iPhone
		{EE40D4F0-4CE9-47F3-BB77-0748F81CA59C}.Ad-Hoc|Any CPU.ActiveCfg = Release|x86
		{EE40D4F0-4CE9-47F3-BB77-0748F81CA59C}.Ad-Hoc|Any CPU.Build.0 = Release|x86
		{EE40D4F0-4CE9-47F3-BB77-0748F81CA59C}.Ad-Hoc|Any CPU.Deploy.0 = Release|x86
		{EE40D4F0-4CE9-47F3-BB77-0748F81CA59C}.Ad-Hoc|ARM.ActiveCfg = Release|ARM
		{EE40D4F0-4CE9-47F3-BB77-0748F81CA59C}.Ad-Hoc|ARM.Build.0 = Release|ARM
		{EE40D4F0-4CE9-47F3-BB77-0748F81CA59C}.Ad-Hoc|ARM.Deploy.0 = Release|ARM
		{EE40D4F0-4CE9-47F3-BB77-0748F81CA59C}.Ad-Hoc|iPhone.ActiveCfg = Release|x86
		{EE40D4F0-4CE9-47F3-BB77-0748F81CA59C}.Ad-Hoc|iPhone.Build.0 = Release|x86
		{EE40D4F0-4CE9-47F3-BB77-0748F81CA59C}.Ad-Hoc|iPhone.Deploy.0 = Release|x86
		{EE40D4F0-4CE9-47F3-BB77-0748F81CA59C}.Ad-Hoc|iPhoneSimulator.ActiveCfg = Release|x86
		{EE40D4F0-4CE9-47F3-BB77-0748F81CA59C}.Ad-Hoc|iPhoneSimulator.Build.0 = Release|x86
		{EE40D4F0-4CE9-47F3-BB77-0748F81CA59C}.Ad-Hoc|iPhoneSimulator.Deploy.0 = Release|x86
		{EE40D4F0-4CE9-47F3-BB77-0748F81CA59C}.Ad-Hoc|x64.ActiveCfg = Release|x64
		{EE40D4F0-4CE9-47F3-BB77-0748F81CA59C}.Ad-Hoc|x64.Build.0 = Release|x64
		{EE40D4F0-4CE9-47F3-BB77-0748F81CA59C}.Ad-Hoc|x64.Deploy.0 = Release|x64
		{EE40D4F0-4CE9-47F3-BB77-0748F81CA59C}.Ad-Hoc|x86.ActiveCfg = Release|x86
		{EE40D4F0-4CE9-47F3-BB77-0748F81CA59C}.Ad-Hoc|x86.Build.0 = Release|x86
		{EE40D4F0-4CE9-47F3-BB77-0748F81CA59C}.Ad-Hoc|x86.Deploy.0 = Release|x86
		{EE40D4F0-4CE9-47F3-BB77-0748F81CA59C}.AppStore|Any CPU.ActiveCfg = Release|x86
		{EE40D4F0-4CE9-47F3-BB77-0748F81CA59C}.AppStore|Any CPU.Build.0 = Release|x86
		{EE40D4F0-4CE9-47F3-BB77-0748F81CA59C}.AppStore|Any CPU.Deploy.0 = Release|x86
		{EE40D4F0-4CE9-47F3-BB77-0748F81CA59C}.AppStore|ARM.ActiveCfg = Release|ARM
		{EE40D4F0-4CE9-47F3-BB77-0748F81CA59C}.AppStore|ARM.Build.0 = Release|ARM
		{EE40D4F0-4CE9-47F3-BB77-0748F81CA59C}.AppStore|ARM.Deploy.0 = Release|ARM
		{EE40D4F0-4CE9-47F3-BB77-0748F81CA59C}.AppStore|iPhone.ActiveCfg = Release|x86
		{EE40D4F0-4CE9-47F3-BB77-0748F81CA59C}.AppStore|iPhone.Build.0 = Release|x86
		{EE40D4F0-4CE9-47F3-BB77-0748F81CA59C}.AppStore|iPhone.Deploy.0 = Release|x86
		{EE40D4F0-4CE9-47F3-BB77-0748F81CA59C}.AppStore|iPhoneSimulator.ActiveCfg = Release|x86
		{EE40D4F0-4CE9-47F3-BB77-0748F81CA59C}.AppStore|iPhoneSimulator.Build.0 = Release|x86
		{EE40D4F0-4CE9-47F3-BB77-0748F81CA59C}.AppStore|iPhoneSimulator.Deploy.0 = Release|x86
		{EE40D4F0-4CE9-47F3-BB77-0748F81CA59C}.AppStore|x64.ActiveCfg = Release|x64
		{EE40D4F0-4CE9-47F3-BB77-0748F81CA59C}.AppStore|x64.Build.0 = Release|x64
		{EE40D4F0-4CE9-47F3-BB77-0748F81CA59C}.AppStore|x64.Deploy.0 = Release|x64
		{EE40D4F0-4CE9-47F3-BB77-0748F81CA59C}.AppStore|x86.ActiveCfg = Release|x86
		{EE40D4F0-4CE9-47F3-BB77-0748F81CA59C}.AppStore|x86.Build.0 = Release|x86
		{EE40D4F0-4CE9-47F3-BB77-0748F81CA59C}.AppStore|x86.Deploy.0 = Release|x86
		{EE40D4F0-4CE9-47F3-BB77-0748F81CA59C}.Debug|Any CPU.ActiveCfg = Debug|x86
		{EE40D4F0-4CE9-47F3-BB77-0748F81CA59C}.Debug|ARM.ActiveCfg = Debug|ARM
		{EE40D4F0-4CE9-47F3-BB77-0748F81CA59C}.Debug|ARM.Build.0 = Debug|ARM
		{EE40D4F0-4CE9-47F3-BB77-0748F81CA59C}.Debug|ARM.Deploy.0 = Debug|ARM
		{EE40D4F0-4CE9-47F3-BB77-0748F81CA59C}.Debug|iPhone.ActiveCfg = Debug|x86
		{EE40D4F0-4CE9-47F3-BB77-0748F81CA59C}.Debug|iPhoneSimulator.ActiveCfg = Debug|x86
		{EE40D4F0-4CE9-47F3-BB77-0748F81CA59C}.Debug|x64.ActiveCfg = Debug|x64
		{EE40D4F0-4CE9-47F3-BB77-0748F81CA59C}.Debug|x64.Build.0 = Debug|x64
		{EE40D4F0-4CE9-47F3-BB77-0748F81CA59C}.Debug|x64.Deploy.0 = Debug|x64
		{EE40D4F0-4CE9-47F3-BB77-0748F81CA59C}.Debug|x86.ActiveCfg = Debug|x86
		{EE40D4F0-4CE9-47F3-BB77-0748F81CA59C}.Debug|x86.Build.0 = Debug|x86
		{EE40D4F0-4CE9-47F3-BB77-0748F81CA59C}.Debug|x86.Deploy.0 = Debug|x86
		{EE40D4F0-4CE9-47F3-BB77-0748F81CA59C}.Release|Any CPU.ActiveCfg = Release|x86
		{EE40D4F0-4CE9-47F3-BB77-0748F81CA59C}.Release|ARM.ActiveCfg = Release|ARM
		{EE40D4F0-4CE9-47F3-BB77-0748F81CA59C}.Release|ARM.Build.0 = Release|ARM
		{EE40D4F0-4CE9-47F3-BB77-0748F81CA59C}.Release|ARM.Deploy.0 = Release|ARM
		{EE40D4F0-4CE9-47F3-BB77-0748F81CA59C}.Release|iPhone.ActiveCfg = Release|x86
		{EE40D4F0-4CE9-47F3-BB77-0748F81CA59C}.Release|iPhoneSimulator.ActiveCfg = Release|x86
		{EE40D4F0-4CE9-47F3-BB77-0748F81CA59C}.Release|x64.ActiveCfg = Release|x64
		{EE40D4F0-4CE9-47F3-BB77-0748F81CA59C}.Release|x64.Build.0 = Release|x64
		{EE40D4F0-4CE9-47F3-BB77-0748F81CA59C}.Release|x64.Deploy.0 = Release|x64
		{EE40D4F0-4CE9-47F3-BB77-0748F81CA59C}.Release|x86.ActiveCfg = Release|x86
		{EE40D4F0-4CE9-47F3-BB77-0748F81CA59C}.Release|x86.Build.0 = Release|x86
		{EE40D4F0-4CE9-47F3-BB77-0748F81CA59C}.Release|x86.Deploy.0 = Release|x86
		{94A0DACF-53E3-461F-A2A3-161C20BCC0C6}.Ad-Hoc|Any CPU.ActiveCfg = Debug|Any CPU
		{94A0DACF-53E3-461F-A2A3-161C20BCC0C6}.Ad-Hoc|Any CPU.Build.0 = Debug|Any CPU
		{94A0DACF-53E3-461F-A2A3-161C20BCC0C6}.Ad-Hoc|ARM.ActiveCfg = Debug|Any CPU
		{94A0DACF-53E3-461F-A2A3-161C20BCC0C6}.Ad-Hoc|ARM.Build.0 = Debug|Any CPU
		{94A0DACF-53E3-461F-A2A3-161C20BCC0C6}.Ad-Hoc|iPhone.ActiveCfg = Debug|Any CPU
		{94A0DACF-53E3-461F-A2A3-161C20BCC0C6}.Ad-Hoc|iPhone.Build.0 = Debug|Any CPU
		{94A0DACF-53E3-461F-A2A3-161C20BCC0C6}.Ad-Hoc|iPhoneSimulator.ActiveCfg = Debug|Any CPU
		{94A0DACF-53E3-461F-A2A3-161C20BCC0C6}.Ad-Hoc|iPhoneSimulator.Build.0 = Debug|Any CPU
		{94A0DACF-53E3-461F-A2A3-161C20BCC0C6}.Ad-Hoc|x64.ActiveCfg = Debug|Any CPU
		{94A0DACF-53E3-461F-A2A3-161C20BCC0C6}.Ad-Hoc|x64.Build.0 = Debug|Any CPU
		{94A0DACF-53E3-461F-A2A3-161C20BCC0C6}.Ad-Hoc|x86.ActiveCfg = Debug|Any CPU
		{94A0DACF-53E3-461F-A2A3-161C20BCC0C6}.Ad-Hoc|x86.Build.0 = Debug|Any CPU
		{94A0DACF-53E3-461F-A2A3-161C20BCC0C6}.AppStore|Any CPU.ActiveCfg = Debug|Any CPU
		{94A0DACF-53E3-461F-A2A3-161C20BCC0C6}.AppStore|Any CPU.Build.0 = Debug|Any CPU
		{94A0DACF-53E3-461F-A2A3-161C20BCC0C6}.AppStore|ARM.ActiveCfg = Debug|Any CPU
		{94A0DACF-53E3-461F-A2A3-161C20BCC0C6}.AppStore|ARM.Build.0 = Debug|Any CPU
		{94A0DACF-53E3-461F-A2A3-161C20BCC0C6}.AppStore|iPhone.ActiveCfg = Debug|Any CPU
		{94A0DACF-53E3-461F-A2A3-161C20BCC0C6}.AppStore|iPhone.Build.0 = Debug|Any CPU
		{94A0DACF-53E3-461F-A2A3-161C20BCC0C6}.AppStore|iPhoneSimulator.ActiveCfg = Debug|Any CPU
		{94A0DACF-53E3-461F-A2A3-161C20BCC0C6}.AppStore|iPhoneSimulator.Build.0 = Debug|Any CPU
		{94A0DACF-53E3-461F-A2A3-161C20BCC0C6}.AppStore|x64.ActiveCfg = Debug|Any CPU
		{94A0DACF-53E3-461F-A2A3-161C20BCC0C6}.AppStore|x64.Build.0 = Debug|Any CPU
		{94A0DACF-53E3-461F-A2A3-161C20BCC0C6}.AppStore|x86.ActiveCfg = Debug|Any CPU
		{94A0DACF-53E3-461F-A2A3-161C20BCC0C6}.AppStore|x86.Build.0 = Debug|Any CPU
		{94A0DACF-53E3-461F-A2A3-161C20BCC0C6}.Debug|Any CPU.ActiveCfg = Debug|Any CPU
		{94A0DACF-53E3-461F-A2A3-161C20BCC0C6}.Debug|Any CPU.Build.0 = Debug|Any CPU
		{94A0DACF-53E3-461F-A2A3-161C20BCC0C6}.Debug|ARM.ActiveCfg = Debug|Any CPU
		{94A0DACF-53E3-461F-A2A3-161C20BCC0C6}.Debug|ARM.Build.0 = Debug|Any CPU
		{94A0DACF-53E3-461F-A2A3-161C20BCC0C6}.Debug|iPhone.ActiveCfg = Debug|Any CPU
		{94A0DACF-53E3-461F-A2A3-161C20BCC0C6}.Debug|iPhone.Build.0 = Debug|Any CPU
		{94A0DACF-53E3-461F-A2A3-161C20BCC0C6}.Debug|iPhoneSimulator.ActiveCfg = Debug|Any CPU
		{94A0DACF-53E3-461F-A2A3-161C20BCC0C6}.Debug|iPhoneSimulator.Build.0 = Debug|Any CPU
		{94A0DACF-53E3-461F-A2A3-161C20BCC0C6}.Debug|x64.ActiveCfg = Debug|Any CPU
		{94A0DACF-53E3-461F-A2A3-161C20BCC0C6}.Debug|x64.Build.0 = Debug|Any CPU
		{94A0DACF-53E3-461F-A2A3-161C20BCC0C6}.Debug|x86.ActiveCfg = Debug|Any CPU
		{94A0DACF-53E3-461F-A2A3-161C20BCC0C6}.Debug|x86.Build.0 = Debug|Any CPU
		{94A0DACF-53E3-461F-A2A3-161C20BCC0C6}.Release|Any CPU.ActiveCfg = Release|Any CPU
		{94A0DACF-53E3-461F-A2A3-161C20BCC0C6}.Release|Any CPU.Build.0 = Release|Any CPU
		{94A0DACF-53E3-461F-A2A3-161C20BCC0C6}.Release|ARM.ActiveCfg = Release|Any CPU
		{94A0DACF-53E3-461F-A2A3-161C20BCC0C6}.Release|ARM.Build.0 = Release|Any CPU
		{94A0DACF-53E3-461F-A2A3-161C20BCC0C6}.Release|iPhone.ActiveCfg = Release|Any CPU
		{94A0DACF-53E3-461F-A2A3-161C20BCC0C6}.Release|iPhone.Build.0 = Release|Any CPU
		{94A0DACF-53E3-461F-A2A3-161C20BCC0C6}.Release|iPhoneSimulator.ActiveCfg = Release|Any CPU
		{94A0DACF-53E3-461F-A2A3-161C20BCC0C6}.Release|iPhoneSimulator.Build.0 = Release|Any CPU
		{94A0DACF-53E3-461F-A2A3-161C20BCC0C6}.Release|x64.ActiveCfg = Release|Any CPU
		{94A0DACF-53E3-461F-A2A3-161C20BCC0C6}.Release|x64.Build.0 = Release|Any CPU
		{94A0DACF-53E3-461F-A2A3-161C20BCC0C6}.Release|x86.ActiveCfg = Release|Any CPU
		{94A0DACF-53E3-461F-A2A3-161C20BCC0C6}.Release|x86.Build.0 = Release|Any CPU
		{84AD7787-4C69-4A7D-9FE2-FA4EE2F119D8}.Ad-Hoc|Any CPU.ActiveCfg = Debug|Any CPU
		{84AD7787-4C69-4A7D-9FE2-FA4EE2F119D8}.Ad-Hoc|Any CPU.Build.0 = Debug|Any CPU
		{84AD7787-4C69-4A7D-9FE2-FA4EE2F119D8}.Ad-Hoc|ARM.ActiveCfg = Debug|Any CPU
		{84AD7787-4C69-4A7D-9FE2-FA4EE2F119D8}.Ad-Hoc|ARM.Build.0 = Debug|Any CPU
		{84AD7787-4C69-4A7D-9FE2-FA4EE2F119D8}.Ad-Hoc|iPhone.ActiveCfg = Debug|Any CPU
		{84AD7787-4C69-4A7D-9FE2-FA4EE2F119D8}.Ad-Hoc|iPhone.Build.0 = Debug|Any CPU
		{84AD7787-4C69-4A7D-9FE2-FA4EE2F119D8}.Ad-Hoc|iPhoneSimulator.ActiveCfg = Debug|Any CPU
		{84AD7787-4C69-4A7D-9FE2-FA4EE2F119D8}.Ad-Hoc|iPhoneSimulator.Build.0 = Debug|Any CPU
		{84AD7787-4C69-4A7D-9FE2-FA4EE2F119D8}.Ad-Hoc|x64.ActiveCfg = Debug|Any CPU
		{84AD7787-4C69-4A7D-9FE2-FA4EE2F119D8}.Ad-Hoc|x64.Build.0 = Debug|Any CPU
		{84AD7787-4C69-4A7D-9FE2-FA4EE2F119D8}.Ad-Hoc|x86.ActiveCfg = Debug|Any CPU
		{84AD7787-4C69-4A7D-9FE2-FA4EE2F119D8}.Ad-Hoc|x86.Build.0 = Debug|Any CPU
		{84AD7787-4C69-4A7D-9FE2-FA4EE2F119D8}.AppStore|Any CPU.ActiveCfg = Debug|Any CPU
		{84AD7787-4C69-4A7D-9FE2-FA4EE2F119D8}.AppStore|Any CPU.Build.0 = Debug|Any CPU
		{84AD7787-4C69-4A7D-9FE2-FA4EE2F119D8}.AppStore|ARM.ActiveCfg = Debug|Any CPU
		{84AD7787-4C69-4A7D-9FE2-FA4EE2F119D8}.AppStore|ARM.Build.0 = Debug|Any CPU
		{84AD7787-4C69-4A7D-9FE2-FA4EE2F119D8}.AppStore|iPhone.ActiveCfg = Debug|Any CPU
		{84AD7787-4C69-4A7D-9FE2-FA4EE2F119D8}.AppStore|iPhone.Build.0 = Debug|Any CPU
		{84AD7787-4C69-4A7D-9FE2-FA4EE2F119D8}.AppStore|iPhoneSimulator.ActiveCfg = Debug|Any CPU
		{84AD7787-4C69-4A7D-9FE2-FA4EE2F119D8}.AppStore|iPhoneSimulator.Build.0 = Debug|Any CPU
		{84AD7787-4C69-4A7D-9FE2-FA4EE2F119D8}.AppStore|x64.ActiveCfg = Debug|Any CPU
		{84AD7787-4C69-4A7D-9FE2-FA4EE2F119D8}.AppStore|x64.Build.0 = Debug|Any CPU
		{84AD7787-4C69-4A7D-9FE2-FA4EE2F119D8}.AppStore|x86.ActiveCfg = Debug|Any CPU
		{84AD7787-4C69-4A7D-9FE2-FA4EE2F119D8}.AppStore|x86.Build.0 = Debug|Any CPU
		{84AD7787-4C69-4A7D-9FE2-FA4EE2F119D8}.Debug|Any CPU.ActiveCfg = Debug|Any CPU
		{84AD7787-4C69-4A7D-9FE2-FA4EE2F119D8}.Debug|Any CPU.Build.0 = Debug|Any CPU
		{84AD7787-4C69-4A7D-9FE2-FA4EE2F119D8}.Debug|ARM.ActiveCfg = Debug|Any CPU
		{84AD7787-4C69-4A7D-9FE2-FA4EE2F119D8}.Debug|ARM.Build.0 = Debug|Any CPU
		{84AD7787-4C69-4A7D-9FE2-FA4EE2F119D8}.Debug|iPhone.ActiveCfg = Debug|Any CPU
		{84AD7787-4C69-4A7D-9FE2-FA4EE2F119D8}.Debug|iPhone.Build.0 = Debug|Any CPU
		{84AD7787-4C69-4A7D-9FE2-FA4EE2F119D8}.Debug|iPhoneSimulator.ActiveCfg = Debug|Any CPU
		{84AD7787-4C69-4A7D-9FE2-FA4EE2F119D8}.Debug|iPhoneSimulator.Build.0 = Debug|Any CPU
		{84AD7787-4C69-4A7D-9FE2-FA4EE2F119D8}.Debug|x64.ActiveCfg = Debug|Any CPU
		{84AD7787-4C69-4A7D-9FE2-FA4EE2F119D8}.Debug|x64.Build.0 = Debug|Any CPU
		{84AD7787-4C69-4A7D-9FE2-FA4EE2F119D8}.Debug|x86.ActiveCfg = Debug|Any CPU
		{84AD7787-4C69-4A7D-9FE2-FA4EE2F119D8}.Debug|x86.Build.0 = Debug|Any CPU
		{84AD7787-4C69-4A7D-9FE2-FA4EE2F119D8}.Release|Any CPU.ActiveCfg = Release|Any CPU
		{84AD7787-4C69-4A7D-9FE2-FA4EE2F119D8}.Release|Any CPU.Build.0 = Release|Any CPU
		{84AD7787-4C69-4A7D-9FE2-FA4EE2F119D8}.Release|ARM.ActiveCfg = Release|Any CPU
		{84AD7787-4C69-4A7D-9FE2-FA4EE2F119D8}.Release|ARM.Build.0 = Release|Any CPU
		{84AD7787-4C69-4A7D-9FE2-FA4EE2F119D8}.Release|iPhone.ActiveCfg = Release|Any CPU
		{84AD7787-4C69-4A7D-9FE2-FA4EE2F119D8}.Release|iPhone.Build.0 = Release|Any CPU
		{84AD7787-4C69-4A7D-9FE2-FA4EE2F119D8}.Release|iPhoneSimulator.ActiveCfg = Release|Any CPU
		{84AD7787-4C69-4A7D-9FE2-FA4EE2F119D8}.Release|iPhoneSimulator.Build.0 = Release|Any CPU
		{84AD7787-4C69-4A7D-9FE2-FA4EE2F119D8}.Release|x64.ActiveCfg = Release|Any CPU
		{84AD7787-4C69-4A7D-9FE2-FA4EE2F119D8}.Release|x64.Build.0 = Release|Any CPU
		{84AD7787-4C69-4A7D-9FE2-FA4EE2F119D8}.Release|x86.ActiveCfg = Release|Any CPU
		{84AD7787-4C69-4A7D-9FE2-FA4EE2F119D8}.Release|x86.Build.0 = Release|Any CPU
	EndGlobalSection
	GlobalSection(SolutionProperties) = preSolution
		HideSolutionNode = FALSE
	EndGlobalSection
	GlobalSection(NestedProjects) = preSolution
		{879850CA-697B-4637-BAAA-1F7E825C5F68} = {F16E82DC-EFA8-4BD1-8932-F5BA89B0A5E7}
		{A44CC4C3-8B87-4B73-BB93-72576B996F7A} = {F16E82DC-EFA8-4BD1-8932-F5BA89B0A5E7}
		{EE40D4F0-4CE9-47F3-BB77-0748F81CA59C} = {F16E82DC-EFA8-4BD1-8932-F5BA89B0A5E7}
		{C49F7B13-8950-4F9C-BEBF-F3A0B832DCD9} = {F16E82DC-EFA8-4BD1-8932-F5BA89B0A5E7}
		{94A0DACF-53E3-461F-A2A3-161C20BCC0C6} = {B1940E2E-31BD-4508-8B1E-5265E1EA8782}
		{84AD7787-4C69-4A7D-9FE2-FA4EE2F119D8} = {8632FB4E-D4C3-4A6D-AEAA-E7D0FAEC1D7A}
	EndGlobalSection
	GlobalSection(ExtensibilityGlobals) = postSolution
		SolutionGuid = {767D32D0-BBBE-4AA1-AD84-F212DF149551}
	EndGlobalSection
EndGlobal
